
Microsoft Visual Studio Solution File, Format Version 12.00
# Visual Studio Version 16
VisualStudioVersion = 16.0.31025.194
MinimumVisualStudioVersion = 10.0.40219.1
Project("{FAE04EC0-301F-11D3-BF4B-00C04F79EFBC}") = "MqttServer", "MqttServer\MqttServer.csproj", "{706C324F-BCED-4D40-9343-288245A64821}"
EndProject
Global
	GlobalSection(SolutionConfigurationPlatforms) = preSolution
		Debug|Any CPU = Debug|Any CPU
		Release|Any CPU = Release|Any CPU
	EndGlobalSection
	GlobalSection(ProjectConfigurationPlatforms) = postSolution
		{706C324F-BCED-4D40-9343-288245A64821}.Debug|Any CPU.ActiveCfg = Debug|Any CPU
		{706C324F-BCED-4D40-9343-288245A64821}.Debug|Any CPU.Build.0 = Debug|Any CPU
		{706C324F-BCED-4D40-9343-288245A64821}.Release|Any CPU.ActiveCfg = Release|Any CPU
		{706C324F-BCED-4D40-9343-288245A64821}.Release|Any CPU.Build.0 = Release|Any CPU
	EndGlobalSection
	GlobalSection(SolutionProperties) = preSolution
		HideSolutionNode = FALSE
	EndGlobalSection
	GlobalSection(ExtensibilityGlobals) = postSolution
		SolutionGuid = {FAF800F9-8FFC-47A1-976D-90E81CC920B9}
	EndGlobalSection
EndGlobal
